github.com/uoul/escpos v0.2.0 h1:3XYxYHCYO2xf6Dn85Az829VwZItSGNbcWsoFVpBcBFM=
github.com/uoul/escpos v0.2.0/go.mod h1:Bvw9GjaORsRLP+zzAy2/LuPxiAf9e5R/ovKsBky8lL4=
github.com/uoul/go-common v0.0.19 h1:cAIES8E2VLxkWL3od+IKIcYpQBhC8Bqb0DKu+agCff8=
github.com/uoul/go-common v0.0.19/go.mod h1:bgsx2Gy16dlcT70Ng12FJInQvtbUAR+353siwxycUMY=
golang.org/x/sys v0.31.0 h1:ioabZlmFYtWhL+TRYpcnNlLwhyxaM9kWTDEmfnprqik=
golang.org/x/sys v0.31.0/go.mod h1:BJP2sWEmIv4KK5OTEluFJCKSidICx8ciO85XgH3Ak8k=
