github.com/hennedo/escpos v0.0.1 h1:kFjiu5OKSdjMvcKsZyjn06HXG6NK+J86PTsTGKq8HkM=
github.com/hennedo/escpos v0.0.1/go.mod h1:W6HIhrS6mSFGSsxpfqIKXnZsujl0x/2lM5xDIAKGkow=
github.com/qiniu/iconv v1.2.0 h1:2LJKwoF+4LJ3lNM+7cE3P1kNQzAI/HMZuWhkmFoY2U8=
github.com/qiniu/iconv v1.2.0/go.mod h1:5bxb2h9lptZt2eHLgY+Jw4X06TMtKb6tvvok0DwSwGA=
github.com/uoul/go-common v0.0.18 h1:PG1Y2xR7xTbePRV0c84nu/ZEzIa5YBnS4zk4+X8LTko=
github.com/uoul/go-common v0.0.18/go.mod h1:e21+uMW11SpmW6eXBSZifwZWfq9TQSvrFBVlbaXXFkk=
